
Microsoft Visual Studio Solution File, Format Version 12.00
# Visual Studio Version 17
VisualStudioVersion = 17.10.35004.147
MinimumVisualStudioVersion = 10.0.40219.1
Project("{FAE04EC0-301F-11D3-BF4B-00C04F79EFBC}") = "SchoolProject", "SchoolProject.csproj", "{5A146F58-B223-43A5-9E75-DC72F14CB20F}"
EndProject
Global
	GlobalSection(SolutionConfigurationPlatforms) = preSolution
		Debug|Any CPU = Debug|Any CPU
		Release|Any CPU = Release|Any CPU
	EndGlobalSection
	GlobalSection(ProjectConfigurationPlatforms) = postSolution
		{5A146F58-B223-43A5-9E75-DC72F14CB20F}.Debug|Any CPU.ActiveCfg = Debug|Any CPU
		{5A146F58-B223-43A5-9E75-DC72F14CB20F}.Debug|Any CPU.Build.0 = Debug|Any CPU
		{5A146F58-B223-43A5-9E75-DC72F14CB20F}.Release|Any CPU.ActiveCfg = Release|Any CPU
		{5A146F58-B223-43A5-9E75-DC72F14CB20F}.Release|Any CPU.Build.0 = Release|Any CPU
	EndGlobalSection
	GlobalSection(SolutionProperties) = preSolution
		HideSolutionNode = FALSE
	EndGlobalSection
	GlobalSection(ExtensibilityGlobals) = postSolution
		SolutionGuid = {11BCEE5D-5B63-47D1-B33F-9999D982B019}
	EndGlobalSection
EndGlobal
